
Microsoft Visual Studio Solution File, Format Version 12.00
# Visual Studio Version 16
VisualStudioVersion = 16.0.29905.134
MinimumVisualStudioVersion = 10.0.40219.1
Project("{FAE04EC0-301F-11D3-BF4B-00C04F79EFBC}") = "TheShop.Core", "TheShop.Core\TheShop.Core.csproj", "{69669F7F-20D2-4BFD-B651-6BBFD50ECA9C}"
EndProject
Project("{FAE04EC0-301F-11D3-BF4B-00C04F79EFBC}") = "TheShop.services", "TheShop.services\TheShop.services.csproj", "{6DB290BF-1362-4BBF-A23F-283DEF49DEFC}"
EndProject
Project("{FAE04EC0-301F-11D3-BF4B-00C04F79EFBC}") = "TheShop.DataAccess.InMemory", "TheShop.DataAccess.InMemory\TheShop.DataAccess.InMemory.csproj", "{B7DCFB5F-3C14-45ED-8AE8-B71E0F4CEDFC}"
EndProject
Project("{FAE04EC0-301F-11D3-BF4B-00C04F79EFBC}") = "TheShop.DataAccess.SQL", "TheShop.DataAccess.SQL\TheShop.DataAccess.SQL.csproj", "{A7854989-C9B8-4D77-8817-7667076BE1DD}"
EndProject
Project("{FAE04EC0-301F-11D3-BF4B-00C04F79EFBC}") = "TheShop.WebUI", "TheShop.WebUI\TheShop.WebUI.csproj", "{7508C762-FD1E-4F56-9209-CEE47C9A6EAC}"
EndProject
Project("{FAE04EC0-301F-11D3-BF4B-00C04F79EFBC}") = "TheShop.WebUI.Tests", "TheShop.WebUI.Tests\TheShop.WebUI.Tests.csproj", "{F1E11458-3D3B-45B5-8B16-733D257EE93A}"
EndProject
Global
	GlobalSection(SolutionConfigurationPlatforms) = preSolution
		Debug|Any CPU = Debug|Any CPU
		Release|Any CPU = Release|Any CPU
	EndGlobalSection
	GlobalSection(ProjectConfigurationPlatforms) = postSolution
		{69669F7F-20D2-4BFD-B651-6BBFD50ECA9C}.Debug|Any CPU.ActiveCfg = Debug|Any CPU
		{69669F7F-20D2-4BFD-B651-6BBFD50ECA9C}.Debug|Any CPU.Build.0 = Debug|Any CPU
		{69669F7F-20D2-4BFD-B651-6BBFD50ECA9C}.Release|Any CPU.ActiveCfg = Release|Any CPU
		{69669F7F-20D2-4BFD-B651-6BBFD50ECA9C}.Release|Any CPU.Build.0 = Release|Any CPU
		{6DB290BF-1362-4BBF-A23F-283DEF49DEFC}.Debug|Any CPU.ActiveCfg = Debug|Any CPU
		{6DB290BF-1362-4BBF-A23F-283DEF49DEFC}.Debug|Any CPU.Build.0 = Debug|Any CPU
		{6DB290BF-1362-4BBF-A23F-283DEF49DEFC}.Release|Any CPU.ActiveCfg = Release|Any CPU
		{6DB290BF-1362-4BBF-A23F-283DEF49DEFC}.Release|Any CPU.Build.0 = Release|Any CPU
		{B7DCFB5F-3C14-45ED-8AE8-B71E0F4CEDFC}.Debug|Any CPU.ActiveCfg = Debug|Any CPU
		{B7DCFB5F-3C14-45ED-8AE8-B71E0F4CEDFC}.Debug|Any CPU.Build.0 = Debug|Any CPU
		{B7DCFB5F-3C14-45ED-8AE8-B71E0F4CEDFC}.Release|Any CPU.ActiveCfg = Release|Any CPU
		{B7DCFB5F-3C14-45ED-8AE8-B71E0F4CEDFC}.Release|Any CPU.Build.0 = Release|Any CPU
		{A7854989-C9B8-4D77-8817-7667076BE1DD}.Debug|Any CPU.ActiveCfg = Debug|Any CPU
		{A7854989-C9B8-4D77-8817-7667076BE1DD}.Debug|Any CPU.Build.0 = Debug|Any CPU
		{A7854989-C9B8-4D77-8817-7667076BE1DD}.Release|Any CPU.ActiveCfg = Release|Any CPU
		{A7854989-C9B8-4D77-8817-7667076BE1DD}.Release|Any CPU.Build.0 = Release|Any CPU
		{7508C762-FD1E-4F56-9209-CEE47C9A6EAC}.Debug|Any CPU.ActiveCfg = Debug|Any CPU
		{7508C762-FD1E-4F56-9209-CEE47C9A6EAC}.Debug|Any CPU.Build.0 = Debug|Any CPU
		{7508C762-FD1E-4F56-9209-CEE47C9A6EAC}.Release|Any CPU.ActiveCfg = Release|Any CPU
		{7508C762-FD1E-4F56-9209-CEE47C9A6EAC}.Release|Any CPU.Build.0 = Release|Any CPU
		{F1E11458-3D3B-45B5-8B16-733D257EE93A}.Debug|Any CPU.ActiveCfg = Debug|Any CPU
		{F1E11458-3D3B-45B5-8B16-733D257EE93A}.Debug|Any CPU.Build.0 = Debug|Any CPU
		{F1E11458-3D3B-45B5-8B16-733D257EE93A}.Release|Any CPU.ActiveCfg = Release|Any CPU
		{F1E11458-3D3B-45B5-8B16-733D257EE93A}.Release|Any CPU.Build.0 = Release|Any CPU
	EndGlobalSection
	GlobalSection(SolutionProperties) = preSolution
		HideSolutionNode = FALSE
	EndGlobalSection
	GlobalSection(ExtensibilityGlobals) = postSolution
		SolutionGuid = {32D49156-7193-41D1-ADE4-0F0ED57D1645}
	EndGlobalSection
EndGlobal
